Microsoft Visual Studio Solution File, Format Version 12.00
# Visual Studio Version 17
VisualStudioVersion = 17.5.2.0
MinimumVisualStudioVersion = 10.0.40219.1
Project("{FAE04EC0-301F-11D3-BF4B-00C04F79EFBC}") = "SariScan.API", "SariScan.API\SariScan.API.csproj", "{5F9066EF-C0E0-C042-D01E-4D128008FCE0}"
EndProject
Global
	GlobalSection(SolutionConfigurationPlatforms) = preSolution
		Debug|Any CPU = Debug|Any CPU
		Release|Any CPU = Release|Any CPU
	EndGlobalSection
	GlobalSection(ProjectConfigurationPlatforms) = postSolution
		{5F9066EF-C0E0-C042-D01E-4D128008FCE0}.Debug|Any CPU.ActiveCfg = Debug|Any CPU
		{5F9066EF-C0E0-C042-D01E-4D128008FCE0}.Debug|Any CPU.Build.0 = Debug|Any CPU
		{5F9066EF-C0E0-C042-D01E-4D128008FCE0}.Release|Any CPU.ActiveCfg = Release|Any CPU
		{5F9066EF-C0E0-C042-D01E-4D128008FCE0}.Release|Any CPU.Build.0 = Release|Any CPU
	EndGlobalSection
	GlobalSection(SolutionProperties) = preSolution
		HideSolutionNode = FALSE
	EndGlobalSection
	GlobalSection(ExtensibilityGlobals) = postSolution
		SolutionGuid = {5CC65944-F12B-4589-8564-963DEBA1C25A}
	EndGlobalSection
EndGlobal
